
Microsoft Visual Studio Solution File, Format Version 12.00
# Visual Studio 14
VisualStudioVersion = 14.0.25420.1
MinimumVisualStudioVersion = 10.0.40219.1
Project("{FAE04EC0-301F-11D3-BF4B-00C04F79EFBC}") = "SubLib", "SubLib\SubLib.csproj", "{F543307E-B985-4713-B748-3A32CFB6DCDD}"
EndProject
Project("{FAE04EC0-301F-11D3-BF4B-00C04F79EFBC}") = "Sub", "Sub\Sub.csproj", "{A3E7D89B-5214-4E85-B9B4-3CA74207BB29}"
EndProject
Global
	GlobalSection(SolutionConfigurationPlatforms) = preSolution
		Debug|Any CPU = Debug|Any CPU
		Release|Any CPU = Release|Any CPU
	EndGlobalSection
	GlobalSection(ProjectConfigurationPlatforms) = postSolution
		{F543307E-B985-4713-B748-3A32CFB6DCDD}.Debug|Any CPU.ActiveCfg = Debug|Any CPU
		{F543307E-B985-4713-B748-3A32CFB6DCDD}.Debug|Any CPU.Build.0 = Debug|Any CPU
		{F543307E-B985-4713-B748-3A32CFB6DCDD}.Release|Any CPU.ActiveCfg = Release|Any CPU
		{F543307E-B985-4713-B748-3A32CFB6DCDD}.Release|Any CPU.Build.0 = Release|Any CPU
		{A3E7D89B-5214-4E85-B9B4-3CA74207BB29}.Debug|Any CPU.ActiveCfg = Debug|Any CPU
		{A3E7D89B-5214-4E85-B9B4-3CA74207BB29}.Debug|Any CPU.Build.0 = Debug|Any CPU
		{A3E7D89B-5214-4E85-B9B4-3CA74207BB29}.Release|Any CPU.ActiveCfg = Release|Any CPU
		{A3E7D89B-5214-4E85-B9B4-3CA74207BB29}.Release|Any CPU.Build.0 = Release|Any CPU
	EndGlobalSection
	GlobalSection(SolutionProperties) = preSolution
		HideSolutionNode = FALSE
	EndGlobalSection
EndGlobal
